
Microsoft Visual Studio Solution File, Format Version 12.00
# Visual Studio Version 16
VisualStudioVersion = 16.0.31025.194
MinimumVisualStudioVersion = 10.0.40219.1
Project("{FAE04EC0-301F-11D3-BF4B-00C04F79EFBC}") = "prueba1Proyecto.Android", "prueba1Proyecto.Android\prueba1Proyecto.Android.csproj", "{CC0FF28C-9E43-437F-8F02-D951C967ECC5}"
EndProject
Project("{FAE04EC0-301F-11D3-BF4B-00C04F79EFBC}") = "prueba1Proyecto.iOS", "prueba1Proyecto.iOS\prueba1Proyecto.iOS.csproj", "{85BACD7A-0E72-4016-85DC-D7402B176E92}"
EndProject
Project("{FAE04EC0-301F-11D3-BF4B-00C04F79EFBC}") = "prueba1Proyecto", "prueba1Proyecto\prueba1Proyecto.csproj", "{FF79F32B-0B93-489E-85CB-C9936FFF795F}"
EndProject
Global
	GlobalSection(SolutionConfigurationPlatforms) = preSolution
		Debug|Any CPU = Debug|Any CPU
		Debug|iPhone = Debug|iPhone
		Debug|iPhoneSimulator = Debug|iPhoneSimulator
		Release|Any CPU = Release|Any CPU
		Release|iPhone = Release|iPhone
		Release|iPhoneSimulator = Release|iPhoneSimulator
	EndGlobalSection
	GlobalSection(ProjectConfigurationPlatforms) = postSolution
		{CC0FF28C-9E43-437F-8F02-D951C967ECC5}.Debug|Any CPU.ActiveCfg = Debug|Any CPU
		{CC0FF28C-9E43-437F-8F02-D951C967ECC5}.Debug|Any CPU.Build.0 = Debug|Any CPU
		{CC0FF28C-9E43-437F-8F02-D951C967ECC5}.Debug|Any CPU.Deploy.0 = Debug|Any CPU
		{CC0FF28C-9E43-437F-8F02-D951C967ECC5}.Debug|iPhone.ActiveCfg = Debug|Any CPU
		{CC0FF28C-9E43-437F-8F02-D951C967ECC5}.Debug|iPhone.Build.0 = Debug|Any CPU
		{CC0FF28C-9E43-437F-8F02-D951C967ECC5}.Debug|iPhone.Deploy.0 = Debug|Any CPU
		{CC0FF28C-9E43-437F-8F02-D951C967ECC5}.Debug|iPhoneSimulator.ActiveCfg = Debug|Any CPU
		{CC0FF28C-9E43-437F-8F02-D951C967ECC5}.Debug|iPhoneSimulator.Build.0 = Debug|Any CPU
		{CC0FF28C-9E43-437F-8F02-D951C967ECC5}.Debug|iPhoneSimulator.Deploy.0 = Debug|Any CPU
		{CC0FF28C-9E43-437F-8F02-D951C967ECC5}.Release|Any CPU.ActiveCfg = Release|Any CPU
		{CC0FF28C-9E43-437F-8F02-D951C967ECC5}.Release|Any CPU.Build.0 = Release|Any CPU
		{CC0FF28C-9E43-437F-8F02-D951C967ECC5}.Release|Any CPU.Deploy.0 = Release|Any CPU
		{CC0FF28C-9E43-437F-8F02-D951C967ECC5}.Release|iPhone.ActiveCfg = Release|Any CPU
		{CC0FF28C-9E43-437F-8F02-D951C967ECC5}.Release|iPhone.Build.0 = Release|Any CPU
		{CC0FF28C-9E43-437F-8F02-D951C967ECC5}.Release|iPhone.Deploy.0 = Release|Any CPU
		{CC0FF28C-9E43-437F-8F02-D951C967ECC5}.Release|iPhoneSimulator.ActiveCfg = Release|Any CPU
		{CC0FF28C-9E43-437F-8F02-D951C967ECC5}.Release|iPhoneSimulator.Build.0 = Release|Any CPU
		{CC0FF28C-9E43-437F-8F02-D951C967ECC5}.Release|iPhoneSimulator.Deploy.0 = Release|Any CPU
		{85BACD7A-0E72-4016-85DC-D7402B176E92}.Debug|Any CPU.ActiveCfg = Debug|iPhone
		{85BACD7A-0E72-4016-85DC-D7402B176E92}.Debug|Any CPU.Build.0 = Debug|iPhone
		{85BACD7A-0E72-4016-85DC-D7402B176E92}.Debug|Any CPU.Deploy.0 = Debug|iPhone
		{85BACD7A-0E72-4016-85DC-D7402B176E92}.Debug|iPhone.ActiveCfg = Debug|iPhone
		{85BACD7A-0E72-4016-85DC-D7402B176E92}.Debug|iPhone.Build.0 = Debug|iPhone
		{85BACD7A-0E72-4016-85DC-D7402B176E92}.Debug|iPhone.Deploy.0 = Debug|iPhone
		{85BACD7A-0E72-4016-85DC-D7402B176E92}.Debug|iPhoneSimulator.ActiveCfg = Debug|iPhoneSimulator
		{85BACD7A-0E72-4016-85DC-D7402B176E92}.Debug|iPhoneSimulator.Build.0 = Debug|iPhoneSimulator
		{85BACD7A-0E72-4016-85DC-D7402B176E92}.Debug|iPhoneSimulator.Deploy.0 = Debug|iPhoneSimulator
		{85BACD7A-0E72-4016-85DC-D7402B176E92}.Release|Any CPU.ActiveCfg = Release|iPhoneSimulator
		{85BACD7A-0E72-4016-85DC-D7402B176E92}.Release|Any CPU.Build.0 = Release|iPhoneSimulator
		{85BACD7A-0E72-4016-85DC-D7402B176E92}.Release|Any CPU.Deploy.0 = Release|iPhoneSimulator
		{85BACD7A-0E72-4016-85DC-D7402B176E92}.Release|iPhone.ActiveCfg = Release|iPhone
		{85BACD7A-0E72-4016-85DC-D7402B176E92}.Release|iPhone.Build.0 = Release|iPhone
		{85BACD7A-0E72-4016-85DC-D7402B176E92}.Release|iPhone.Deploy.0 = Release|iPhone
		{85BACD7A-0E72-4016-85DC-D7402B176E92}.Release|iPhoneSimulator.ActiveCfg = Release|iPhoneSimulator
		{85BACD7A-0E72-4016-85DC-D7402B176E92}.Release|iPhoneSimulator.Build.0 = Release|iPhoneSimulator
		{85BACD7A-0E72-4016-85DC-D7402B176E92}.Release|iPhoneSimulator.Deploy.0 = Release|iPhoneSimulator
		{FF79F32B-0B93-489E-85CB-C9936FFF795F}.Debug|Any CPU.ActiveCfg = Debug|Any CPU
		{FF79F32B-0B93-489E-85CB-C9936FFF795F}.Debug|Any CPU.Build.0 = Debug|Any CPU
		{FF79F32B-0B93-489E-85CB-C9936FFF795F}.Debug|Any CPU.Deploy.0 = Debug|Any CPU
		{FF79F32B-0B93-489E-85CB-C9936FFF795F}.Debug|iPhone.ActiveCfg = Debug|Any CPU
		{FF79F32B-0B93-489E-85CB-C9936FFF795F}.Debug|iPhone.Build.0 = Debug|Any CPU
		{FF79F32B-0B93-489E-85CB-C9936FFF795F}.Debug|iPhone.Deploy.0 = Debug|Any CPU
		{FF79F32B-0B93-489E-85CB-C9936FFF795F}.Debug|iPhoneSimulator.ActiveCfg = Debug|Any CPU
		{FF79F32B-0B93-489E-85CB-C9936FFF795F}.Debug|iPhoneSimulator.Build.0 = Debug|Any CPU
		{FF79F32B-0B93-489E-85CB-C9936FFF795F}.Debug|iPhoneSimulator.Deploy.0 = Debug|Any CPU
		{FF79F32B-0B93-489E-85CB-C9936FFF795F}.Release|Any CPU.ActiveCfg = Release|Any CPU
		{FF79F32B-0B93-489E-85CB-C9936FFF795F}.Release|Any CPU.Build.0 = Release|Any CPU
		{FF79F32B-0B93-489E-85CB-C9936FFF795F}.Release|Any CPU.Deploy.0 = Release|Any CPU
		{FF79F32B-0B93-489E-85CB-C9936FFF795F}.Release|iPhone.ActiveCfg = Release|Any CPU
		{FF79F32B-0B93-489E-85CB-C9936FFF795F}.Release|iPhone.Build.0 = Release|Any CPU
		{FF79F32B-0B93-489E-85CB-C9936FFF795F}.Release|iPhone.Deploy.0 = Release|Any CPU
		{FF79F32B-0B93-489E-85CB-C9936FFF795F}.Release|iPhoneSimulator.ActiveCfg = Release|Any CPU
		{FF79F32B-0B93-489E-85CB-C9936FFF795F}.Release|iPhoneSimulator.Build.0 = Release|Any CPU
		{FF79F32B-0B93-489E-85CB-C9936FFF795F}.Release|iPhoneSimulator.Deploy.0 = Release|Any CPU
	EndGlobalSection
	GlobalSection(SolutionProperties) = preSolution
		HideSolutionNode = FALSE
	EndGlobalSection
	GlobalSection(ExtensibilityGlobals) = postSolution
		SolutionGuid = {A1B7A3E3-5BCC-4E07-ADF0-2DB2C3786E31}
	EndGlobalSection
EndGlobal
